
Microsoft Visual Studio Solution File, Format Version 12.00
# Visual Studio Version 16
VisualStudioVersion = 16.0.31129.286
MinimumVisualStudioVersion = 10.0.40219.1
Project("{2150E333-8FDC-42A3-9474-1A3956D46DE8}") = "Bot", "Bot", "{88113474-9496-4409-AEDA-CB54DE917ECE}"
EndProject
Project("{2150E333-8FDC-42A3-9474-1A3956D46DE8}") = "src", "src", "{8456CBCA-AAA0-4AD2-B7B7-EF055368E60A}"
EndProject
Project("{2150E333-8FDC-42A3-9474-1A3956D46DE8}") = "tests", "tests", "{0B3C4C1C-58BB-48C9-96DD-48FF66FB4521}"
EndProject
Project("{9A19103F-16F7-4668-BE54-9A1E7A4F7556}") = "AR.Bot", "AR.Bot.Web\AR.Bot.csproj", "{EA313E06-BE64-4C97-A83F-EE09DAA4761D}"
EndProject
Global
	GlobalSection(SolutionConfigurationPlatforms) = preSolution
		Debug|Any CPU = Debug|Any CPU
		Release|Any CPU = Release|Any CPU
	EndGlobalSection
	GlobalSection(ProjectConfigurationPlatforms) = postSolution
		{EA313E06-BE64-4C97-A83F-EE09DAA4761D}.Debug|Any CPU.ActiveCfg = Debug|Any CPU
		{EA313E06-BE64-4C97-A83F-EE09DAA4761D}.Debug|Any CPU.Build.0 = Debug|Any CPU
		{EA313E06-BE64-4C97-A83F-EE09DAA4761D}.Release|Any CPU.ActiveCfg = Release|Any CPU
		{EA313E06-BE64-4C97-A83F-EE09DAA4761D}.Release|Any CPU.Build.0 = Release|Any CPU
	EndGlobalSection
	GlobalSection(SolutionProperties) = preSolution
		HideSolutionNode = FALSE
	EndGlobalSection
	GlobalSection(NestedProjects) = preSolution
		{8456CBCA-AAA0-4AD2-B7B7-EF055368E60A} = {88113474-9496-4409-AEDA-CB54DE917ECE}
		{0B3C4C1C-58BB-48C9-96DD-48FF66FB4521} = {88113474-9496-4409-AEDA-CB54DE917ECE}
		{EA313E06-BE64-4C97-A83F-EE09DAA4761D} = {8456CBCA-AAA0-4AD2-B7B7-EF055368E60A}
	EndGlobalSection
	GlobalSection(ExtensibilityGlobals) = postSolution
		SolutionGuid = {61A5BE29-50CF-4CEB-986E-3B3C0C0361F2}
	EndGlobalSection
EndGlobal
